
Microsoft Visual Studio Solution File, Format Version 12.00
Project("{2150E333-8FDC-42A3-9474-1A3956D46DE8}") = "Server", "Server", "{D9FEEECA-C3FC-42C9-AE40-A542BFD1C32D}"
EndProject
Project("{FAE04EC0-301F-11D3-BF4B-00C04F79EFBC}") = "RestAPI", "RestAPI\RestAPI.csproj", "{D520547E-6650-462F-B5A5-ED12FA3C42F7}"
EndProject
Project("{FAE04EC0-301F-11D3-BF4B-00C04F79EFBC}") = "GrpcClient", "GrpcClient\GrpcClient.csproj", "{3D81DCF6-3AD3-4BB1-8E38-41E581EC5C3C}"
EndProject

Project("{2150E333-8FDC-42A3-9474-1A3956D46DE8}") = "Shared", "Shared", "{B916D121-76B1-4A1F-B913-0F03DF95DD89}"
EndProject
Project("{FAE04EC0-301F-11D3-BF4B-00C04F79EFBC}") = "DTOs", "DTOs\DTOs.csproj", "{D75082AA-5461-4B4F-90D4-0AC81D311DBB}"

EndProject
Project("{FAE04EC0-301F-11D3-BF4B-00C04F79EFBC}") = "Entities", "Entities\Entities.csproj", "{6B68E8D6-CE44-4C3A-9D4A-44B315A5EDFA}"

EndProject
Project("{FAE04EC0-301F-11D3-BF4B-00C04F79EFBC}") = "RepositoryContracts", "RepositoryContracts\RepositoryContracts.csproj", "{2CED0A8A-EFC7-4582-B944-A0D6391F0F77}"
EndProject
Project("{FAE04EC0-301F-11D3-BF4B-00C04F79EFBC}") = "InMemoryRepositories", "InMemoryRepositories\InMemoryRepositories.csproj", "{C1A12B4F-FD19-41B3-8CEB-5B979E63625D}"
EndProject
Project("{FAE04EC0-301F-11D3-BF4B-00C04F79EFBC}") = "RepositoryProxies", "RepositoryProxies\RepositoryProxies.csproj", "{41DE9265-2E7A-485C-9F1C-7C04BCA77E7B}"
EndProject
Global
	GlobalSection(SolutionConfigurationPlatforms) = preSolution
		Debug|Any CPU = Debug|Any CPU
		Release|Any CPU = Release|Any CPU
	EndGlobalSection
	GlobalSection(NestedProjects) = preSolution
		{D520547E-6650-462F-B5A5-ED12FA3C42F7} = {D9FEEECA-C3FC-42C9-AE40-A542BFD1C32D}
		{3D81DCF6-3AD3-4BB1-8E38-41E581EC5C3C} = {D9FEEECA-C3FC-42C9-AE40-A542BFD1C32D}
		{D75082AA-5461-4B4F-90D4-0AC81D311DBB} = {B916D121-76B1-4A1F-B913-0F03DF95DD89}
		{6B68E8D6-CE44-4C3A-9D4A-44B315A5EDFA} = {D9FEEECA-C3FC-42C9-AE40-A542BFD1C32D}
		{2CED0A8A-EFC7-4582-B944-A0D6391F0F77} = {D9FEEECA-C3FC-42C9-AE40-A542BFD1C32D}
		{C1A12B4F-FD19-41B3-8CEB-5B979E63625D} = {D9FEEECA-C3FC-42C9-AE40-A542BFD1C32D}
		{41DE9265-2E7A-485C-9F1C-7C04BCA77E7B} = {D9FEEECA-C3FC-42C9-AE40-A542BFD1C32D}
	EndGlobalSection
	GlobalSection(ProjectConfigurationPlatforms) = postSolution
		{D520547E-6650-462F-B5A5-ED12FA3C42F7}.Debug|Any CPU.ActiveCfg = Debug|Any CPU
		{D520547E-6650-462F-B5A5-ED12FA3C42F7}.Debug|Any CPU.Build.0 = Debug|Any CPU
		{D520547E-6650-462F-B5A5-ED12FA3C42F7}.Release|Any CPU.ActiveCfg = Release|Any CPU
		{D520547E-6650-462F-B5A5-ED12FA3C42F7}.Release|Any CPU.Build.0 = Release|Any CPU
		{3D81DCF6-3AD3-4BB1-8E38-41E581EC5C3C}.Debug|Any CPU.ActiveCfg = Debug|Any CPU
		{3D81DCF6-3AD3-4BB1-8E38-41E581EC5C3C}.Debug|Any CPU.Build.0 = Debug|Any CPU
		{3D81DCF6-3AD3-4BB1-8E38-41E581EC5C3C}.Release|Any CPU.ActiveCfg = Release|Any CPU
		{3D81DCF6-3AD3-4BB1-8E38-41E581EC5C3C}.Release|Any CPU.Build.0 = Release|Any CPU
		{D75082AA-5461-4B4F-90D4-0AC81D311DBB}.Debug|Any CPU.ActiveCfg = Debug|Any CPU
		{D75082AA-5461-4B4F-90D4-0AC81D311DBB}.Debug|Any CPU.Build.0 = Debug|Any CPU
		{D75082AA-5461-4B4F-90D4-0AC81D311DBB}.Release|Any CPU.ActiveCfg = Release|Any CPU
		{D75082AA-5461-4B4F-90D4-0AC81D311DBB}.Release|Any CPU.Build.0 = Release|Any CPU
		{6B68E8D6-CE44-4C3A-9D4A-44B315A5EDFA}.Debug|Any CPU.ActiveCfg = Debug|Any CPU
		{6B68E8D6-CE44-4C3A-9D4A-44B315A5EDFA}.Debug|Any CPU.Build.0 = Debug|Any CPU
		{6B68E8D6-CE44-4C3A-9D4A-44B315A5EDFA}.Release|Any CPU.ActiveCfg = Release|Any CPU
		{6B68E8D6-CE44-4C3A-9D4A-44B315A5EDFA}.Release|Any CPU.Build.0 = Release|Any CPU
		{2CED0A8A-EFC7-4582-B944-A0D6391F0F77}.Debug|Any CPU.ActiveCfg = Debug|Any CPU
		{2CED0A8A-EFC7-4582-B944-A0D6391F0F77}.Debug|Any CPU.Build.0 = Debug|Any CPU
		{2CED0A8A-EFC7-4582-B944-A0D6391F0F77}.Release|Any CPU.ActiveCfg = Release|Any CPU
		{2CED0A8A-EFC7-4582-B944-A0D6391F0F77}.Release|Any CPU.Build.0 = Release|Any CPU
		{C1A12B4F-FD19-41B3-8CEB-5B979E63625D}.Debug|Any CPU.ActiveCfg = Debug|Any CPU
		{C1A12B4F-FD19-41B3-8CEB-5B979E63625D}.Debug|Any CPU.Build.0 = Debug|Any CPU
		{C1A12B4F-FD19-41B3-8CEB-5B979E63625D}.Release|Any CPU.ActiveCfg = Release|Any CPU
		{C1A12B4F-FD19-41B3-8CEB-5B979E63625D}.Release|Any CPU.Build.0 = Release|Any CPU
		{41DE9265-2E7A-485C-9F1C-7C04BCA77E7B}.Debug|Any CPU.ActiveCfg = Debug|Any CPU
		{41DE9265-2E7A-485C-9F1C-7C04BCA77E7B}.Debug|Any CPU.Build.0 = Debug|Any CPU
		{41DE9265-2E7A-485C-9F1C-7C04BCA77E7B}.Release|Any CPU.ActiveCfg = Release|Any CPU
		{41DE9265-2E7A-485C-9F1C-7C04BCA77E7B}.Release|Any CPU.Build.0 = Release|Any CPU
	EndGlobalSection
EndGlobal
